
Microsoft Visual Studio Solution File, Format Version 12.00
# Visual Studio 15
VisualStudioVersion = 15.0.33403.129
MinimumVisualStudioVersion = 10.0.40219.1
Project("{FAE04EC0-301F-11D3-BF4B-00C04F79EFBC}") = "tiendaMVC", "tiendaMVC\tiendaMVC.csproj", "{248A31DB-396D-43D1-86C9-D14A68FE387F}"
EndProject
Global
	GlobalSection(SolutionConfigurationPlatforms) = preSolution
		Debug|Any CPU = Debug|Any CPU
		Release|Any CPU = Release|Any CPU
	EndGlobalSection
	GlobalSection(ProjectConfigurationPlatforms) = postSolution
		{248A31DB-396D-43D1-86C9-D14A68FE387F}.Debug|Any CPU.ActiveCfg = Debug|Any CPU
		{248A31DB-396D-43D1-86C9-D14A68FE387F}.Debug|Any CPU.Build.0 = Debug|Any CPU
		{248A31DB-396D-43D1-86C9-D14A68FE387F}.Release|Any CPU.ActiveCfg = Release|Any CPU
		{248A31DB-396D-43D1-86C9-D14A68FE387F}.Release|Any CPU.Build.0 = Release|Any CPU
	EndGlobalSection
	GlobalSection(SolutionProperties) = preSolution
		HideSolutionNode = FALSE
	EndGlobalSection
	GlobalSection(ExtensibilityGlobals) = postSolution
		SolutionGuid = {E0FB0B4B-57EC-4E96-89B4-254D932EB232}
	EndGlobalSection
EndGlobal
